
Microsoft Visual Studio Solution File, Format Version 12.00
# Visual Studio Version 16
VisualStudioVersion = 16.0.29509.3
MinimumVisualStudioVersion = 10.0.40219.1
Project("{FAE04EC0-301F-11D3-BF4B-00C04F79EFBC}") = "WPFDrawDemo", "WPFDrawDemo\WPFDrawDemo.csproj", "{698DD004-79D8-44EA-A2DB-89C016A8F41F}"
EndProject
Global
	GlobalSection(SolutionConfigurationPlatforms) = preSolution
		Debug|Any CPU = Debug|Any CPU
		Release|Any CPU = Release|Any CPU
	EndGlobalSection
	GlobalSection(ProjectConfigurationPlatforms) = postSolution
		{698DD004-79D8-44EA-A2DB-89C016A8F41F}.Debug|Any CPU.ActiveCfg = Debug|Any CPU
		{698DD004-79D8-44EA-A2DB-89C016A8F41F}.Debug|Any CPU.Build.0 = Debug|Any CPU
		{698DD004-79D8-44EA-A2DB-89C016A8F41F}.Release|Any CPU.ActiveCfg = Release|Any CPU
		{698DD004-79D8-44EA-A2DB-89C016A8F41F}.Release|Any CPU.Build.0 = Release|Any CPU
	EndGlobalSection
	GlobalSection(SolutionProperties) = preSolution
		HideSolutionNode = FALSE
	EndGlobalSection
	GlobalSection(ExtensibilityGlobals) = postSolution
		SolutionGuid = {E58AFE8F-3D26-40A7-988E-AF7705ABE266}
	EndGlobalSection
EndGlobal
